// !$*UTF8*$!
{
	archiveVersion = 1;
	classes = {
	};
	objectVersion = 56;
	objects = {

/* Begin PBXBuildFile section */
		5631A9EB29B7619600912EFE /* PositionCell.swift in Sources */ = {isa = PBXBuildFile; fileRef = 5631A9EA29B7619600912EFE /* PositionCell.swift */; };
		563FC2F429B4DB79009C859F /* Product.swift in Sources */ = {isa = PBXBuildFile; fileRef = 563FC2F329B4DB79009C859F /* Product.swift */; };
		563FC2F629B4DCDE009C859F /* ProductCell.swift in Sources */ = {isa = PBXBuildFile; fileRef = 563FC2F529B4DCDE009C859F /* ProductCell.swift */; };
		563FC2FA29B4E682009C859F /* CatalogViewModel.swift in Sources */ = {isa = PBXBuildFile; fileRef = 563FC2F929B4E682009C859F /* CatalogViewModel.swift */; };
		563FC2FD29B4ED5A009C859F /* ProductDetailView.swift in Sources */ = {isa = PBXBuildFile; fileRef = 563FC2FC29B4ED5A009C859F /* ProductDetailView.swift */; };
		563FC2FF29B50A11009C859F /* ProductDetailViewModel.swift in Sources */ = {isa = PBXBuildFile; fileRef = 563FC2FE29B50A11009C859F /* ProductDetailViewModel.swift */; };
		563FC30129B5299B009C859F /* CartViewModel.swift in Sources */ = {isa = PBXBuildFile; fileRef = 563FC30029B5299B009C859F /* CartViewModel.swift */; };
		563FC30529B529DC009C859F /* Position.swift in Sources */ = {isa = PBXBuildFile; fileRef = 563FC30429B529DC009C859F /* Position.swift */; };
		565621FE29B240DE00437540 /* xzuvyShopApp.swift in Sources */ = {isa = PBXBuildFile; fileRef = 565621FD29B240DE00437540 /* xzuvyShopApp.swift */; };
		5656220029B240DE00437540 /* AuthView.swift in Sources */ = {isa = PBXBuildFile; fileRef = 565621FF29B240DE00437540 /* AuthView.swift */; };
		5656220229B240E000437540 /* Assets.xcassets in Resources */ = {isa = PBXBuildFile; fileRef = 5656220129B240E000437540 /* Assets.xcassets */; };
		5656220529B240E000437540 /* Preview Assets.xcassets in Resources */ = {isa = PBXBuildFile; fileRef = 5656220429B240E000437540 /* Preview Assets.xcassets */; };
		5679EB8829BA28F90049145C /* GoogleService-Info.plist in Resources */ = {isa = PBXBuildFile; fileRef = 5679EB8729BA28F90049145C /* GoogleService-Info.plist */; };
		56A7C16029B3EEAA00C06129 /* MainTabBarView.swift in Sources */ = {isa = PBXBuildFile; fileRef = 56A7C15F29B3EEAA00C06129 /* MainTabBarView.swift */; };
		56A7C16229B3F20F00C06129 /* CatalogView.swift in Sources */ = {isa = PBXBuildFile; fileRef = 56A7C16129B3F20F00C06129 /* CatalogView.swift */; };
		56A7C16429B3F26F00C06129 /* CartView.swift in Sources */ = {isa = PBXBuildFile; fileRef = 56A7C16329B3F26F00C06129 /* CartView.swift */; };
		56A7C16629B3F29700C06129 /* ProfileView.swift in Sources */ = {isa = PBXBuildFile; fileRef = 56A7C16529B3F29700C06129 /* ProfileView.swift */; };
		56E9483D29BA384800F9435D /* FirebaseAuth in Frameworks */ = {isa = PBXBuildFile; productRef = 56E9483C29BA384800F9435D /* FirebaseAuth */; };
		56E9483F29BA384800F9435D /* FirebaseFirestore in Frameworks */ = {isa = PBXBuildFile; productRef = 56E9483E29BA384800F9435D /* FirebaseFirestore */; };
		56E9484129BA384800F9435D /* FirebaseStorage in Frameworks */ = {isa = PBXBuildFile; productRef = 56E9484029BA384800F9435D /* FirebaseStorage */; };
		56E9484629BA3E5000F9435D /* AuthService.swift in Sources */ = {isa = PBXBuildFile; fileRef = 56E9484529BA3E5000F9435D /* AuthService.swift */; };
		56E9484B29BA570100F9435D /* MainTabBarViewModel.swift in Sources */ = {isa = PBXBuildFile; fileRef = 56E9484A29BA570100F9435D /* MainTabBarViewModel.swift */; };
		56E9484D29BA659F00F9435D /* UserShop.swift in Sources */ = {isa = PBXBuildFile; fileRef = 56E9484C29BA659F00F9435D /* UserShop.swift */; };
		56E9484F29BA676300F9435D /* DatabaseService.swift in Sources */ = {isa = PBXBuildFile; fileRef = 56E9484E29BA676300F9435D /* DatabaseService.swift */; };
/* End PBXBuildFile section */

/* Begin PBXFileReference section */
		5631A9EA29B7619600912EFE /* PositionCell.swift */ = {isa = PBXFileReference; lastKnownFileType = sourcecode.swift; path = PositionCell.swift; sourceTree = "<group>"; };
		563FC2F329B4DB79009C859F /* Product.swift */ = {isa = PBXFileReference; lastKnownFileType = sourcecode.swift; path = Product.swift; sourceTree = "<group>"; };
		563FC2F529B4DCDE009C859F /* ProductCell.swift */ = {isa = PBXFileReference; lastKnownFileType = sourcecode.swift; path = ProductCell.swift; sourceTree = "<group>"; };
		563FC2F929B4E682009C859F /* CatalogViewModel.swift */ = {isa = PBXFileReference; lastKnownFileType = sourcecode.swift; path = CatalogViewModel.swift; sourceTree = "<group>"; };
		563FC2FC29B4ED5A009C859F /* ProductDetailView.swift */ = {isa = PBXFileReference; lastKnownFileType = sourcecode.swift; path = ProductDetailView.swift; sourceTree = "<group>"; };
		563FC2FE29B50A11009C859F /* ProductDetailViewModel.swift */ = {isa = PBXFileReference; lastKnownFileType = sourcecode.swift; path = ProductDetailViewModel.swift; sourceTree = "<group>"; };
		563FC30029B5299B009C859F /* CartViewModel.swift */ = {isa = PBXFileReference; lastKnownFileType = sourcecode.swift; path = CartViewModel.swift; sourceTree = "<group>"; };
		563FC30429B529DC009C859F /* Position.swift */ = {isa = PBXFileReference; lastKnownFileType = sourcecode.swift; path = Position.swift; sourceTree = "<group>"; };
		565621FA29B240DE00437540 /* xzuvyShop.app */ = {isa = PBXFileReference; explicitFileType = wrapper.application; includeInIndex = 0; path = xzuvyShop.app; sourceTree = BUILT_PRODUCTS_DIR; };
		565621FD29B240DE00437540 /* xzuvyShopApp.swift */ = {isa = PBXFileReference; lastKnownFileType = sourcecode.swift; path = xzuvyShopApp.swift; sourceTree = "<group>"; };
		565621FF29B240DE00437540 /* AuthView.swift */ = {isa = PBXFileReference; lastKnownFileType = sourcecode.swift; path = AuthView.swift; sourceTree = "<group>"; };
		5656220129B240E000437540 /* Assets.xcassets */ = {isa = PBXFileReference; lastKnownFileType = folder.assetcatalog; path = Assets.xcassets; sourceTree = "<group>"; };
		5656220429B240E000437540 /* Preview Assets.xcassets */ = {isa = PBXFileReference; lastKnownFileType = folder.assetcatalog; path = "Preview Assets.xcassets"; sourceTree = "<group>"; };
		5679EB8729BA28F90049145C /* GoogleService-Info.plist */ = {isa = PBXFileReference; fileEncoding = 4; lastKnownFileType = text.plist.xml; path = "GoogleService-Info.plist"; sourceTree = "<group>"; };
		56A7C15F29B3EEAA00C06129 /* MainTabBarView.swift */ = {isa = PBXFileReference; lastKnownFileType = sourcecode.swift; path = MainTabBarView.swift; sourceTree = "<group>"; };
		56A7C16129B3F20F00C06129 /* CatalogView.swift */ = {isa = PBXFileReference; lastKnownFileType = sourcecode.swift; path = CatalogView.swift; sourceTree = "<group>"; };
		56A7C16329B3F26F00C06129 /* CartView.swift */ = {isa = PBXFileReference; lastKnownFileType = sourcecode.swift; path = CartView.swift; sourceTree = "<group>"; };
		56A7C16529B3F29700C06129 /* ProfileView.swift */ = {isa = PBXFileReference; lastKnownFileType = sourcecode.swift; path = ProfileView.swift; sourceTree = "<group>"; };
		56E9484529BA3E5000F9435D /* AuthService.swift */ = {isa = PBXFileReference; lastKnownFileType = sourcecode.swift; path = AuthService.swift; sourceTree = "<group>"; };
		56E9484A29BA570100F9435D /* MainTabBarViewModel.swift */ = {isa = PBXFileReference; lastKnownFileType = sourcecode.swift; path = MainTabBarViewModel.swift; sourceTree = "<group>"; };
		56E9484C29BA659F00F9435D /* UserShop.swift */ = {isa = PBXFileReference; lastKnownFileType = sourcecode.swift; path = UserShop.swift; sourceTree = "<group>"; };
		56E9484E29BA676300F9435D /* DatabaseService.swift */ = {isa = PBXFileReference; lastKnownFileType = sourcecode.swift; path = DatabaseService.swift; sourceTree = "<group>"; };
/* End PBXFileReference section */

/* Begin PBXFrameworksBuildPhase section */
		565621F729B240DE00437540 /* Frameworks */ = {
			isa = PBXFrameworksBuildPhase;
			buildActionMask = 2147483647;
			files = (
				56E9483D29BA384800F9435D /* FirebaseAuth in Frameworks */,
				56E9483F29BA384800F9435D /* FirebaseFirestore in Frameworks */,
				56E9484129BA384800F9435D /* FirebaseStorage in Frameworks */,
			);
			runOnlyForDeploymentPostprocessing = 0;
		};
/* End PBXFrameworksBuildPhase section */

/* Begin PBXGroup section */
		563FC2F229B4DB60009C859F /* Views */ = {
			isa = PBXGroup;
			children = (
				565621FF29B240DE00437540 /* AuthView.swift */,
				56A7C15F29B3EEAA00C06129 /* MainTabBarView.swift */,
				56A7C16129B3F20F00C06129 /* CatalogView.swift */,
				56A7C16329B3F26F00C06129 /* CartView.swift */,
				56A7C16529B3F29700C06129 /* ProfileView.swift */,
				563FC2FC29B4ED5A009C859F /* ProductDetailView.swift */,
			);
			path = Views;
			sourceTree = "<group>";
		};
		563FC2F729B4DCF7009C859F /* Components */ = {
			isa = PBXGroup;
			children = (
				563FC2F529B4DCDE009C859F /* ProductCell.swift */,
				5631A9EA29B7619600912EFE /* PositionCell.swift */,
			);
			path = Components;
			sourceTree = "<group>";
		};
		563FC2F829B4E658009C859F /* Model */ = {
			isa = PBXGroup;
			children = (
				563FC2F329B4DB79009C859F /* Product.swift */,
				563FC30429B529DC009C859F /* Position.swift */,
				56E9484C29BA659F00F9435D /* UserShop.swift */,
			);
			path = Model;
			sourceTree = "<group>";
		};
		563FC2FB29B4E68B009C859F /* ViewModel */ = {
			isa = PBXGroup;
			children = (
				563FC2F929B4E682009C859F /* CatalogViewModel.swift */,
				563FC2FE29B50A11009C859F /* ProductDetailViewModel.swift */,
				563FC30029B5299B009C859F /* CartViewModel.swift */,
				56E9484A29BA570100F9435D /* MainTabBarViewModel.swift */,
			);
			path = ViewModel;
			sourceTree = "<group>";
		};
		565621F129B240DE00437540 = {
			isa = PBXGroup;
			children = (
				565621FC29B240DE00437540 /* xzuvyShop */,
				565621FB29B240DE00437540 /* Products */,
			);
			sourceTree = "<group>";
		};
		565621FB29B240DE00437540 /* Products */ = {
			isa = PBXGroup;
			children = (
				565621FA29B240DE00437540 /* xzuvyShop.app */,
			);
			name = Products;
			sourceTree = "<group>";
		};
		565621FC29B240DE00437540 /* xzuvyShop */ = {
			isa = PBXGroup;
			children = (
				565621FD29B240DE00437540 /* xzuvyShopApp.swift */,
				56E9484729BA3E5D00F9435D /* Services */,
				563FC2FB29B4E68B009C859F /* ViewModel */,
				563FC2F829B4E658009C859F /* Model */,
				563FC2F229B4DB60009C859F /* Views */,
				5656220129B240E000437540 /* Assets.xcassets */,
				563FC2F729B4DCF7009C859F /* Components */,
				5656220329B240E000437540 /* Preview Content */,
			);
			path = xzuvyShop;
			sourceTree = "<group>";
		};
		5656220329B240E000437540 /* Preview Content */ = {
			isa = PBXGroup;
			children = (
				5679EB8729BA28F90049145C /* GoogleService-Info.plist */,
				5656220429B240E000437540 /* Preview Assets.xcassets */,
			);
			path = "Preview Content";
			sourceTree = "<group>";
		};
		56E9484729BA3E5D00F9435D /* Services */ = {
			isa = PBXGroup;
			children = (
				56E9484529BA3E5000F9435D /* AuthService.swift */,
				56E9484E29BA676300F9435D /* DatabaseService.swift */,
			);
			path = Services;
			sourceTree = "<group>";
		};
/* End PBXGroup section */

/* Begin PBXNativeTarget section */
		565621F929B240DE00437540 /* xzuvyShop */ = {
			isa = PBXNativeTarget;
			buildConfigurationList = 5656220829B240E000437540 /* Build configuration list for PBXNativeTarget "xzuvyShop" */;
			buildPhases = (
				565621F629B240DE00437540 /* Sources */,
				565621F729B240DE00437540 /* Frameworks */,
				565621F829B240DE00437540 /* Resources */,
			);
			buildRules = (
			);
			dependencies = (
			);
			name = xzuvyShop;
			packageProductDependencies = (
				56E9483C29BA384800F9435D /* FirebaseAuth */,
				56E9483E29BA384800F9435D /* FirebaseFirestore */,
				56E9484029BA384800F9435D /* FirebaseStorage */,
			);
			productName = xzuvyShop;
			productReference = 565621FA29B240DE00437540 /* xzuvyShop.app */;
			productType = "com.apple.product-type.application";
		};
/* End PBXNativeTarget section */

/* Begin PBXProject section */
		565621F229B240DE00437540 /* Project object */ = {
			isa = PBXProject;
			attributes = {
				BuildIndependentTargetsInParallel = 1;
				LastSwiftUpdateCheck = 1420;
				LastUpgradeCheck = 1420;
				TargetAttributes = {
					565621F929B240DE00437540 = {
						CreatedOnToolsVersion = 14.2;
					};
				};
			};
			buildConfigurationList = 565621F529B240DE00437540 /* Build configuration list for PBXProject "xzuvyShop" */;
			compatibilityVersion = "Xcode 14.0";
			developmentRegion = en;
			hasScannedForEncodings = 0;
			knownRegions = (
				en,
				Base,
			);
			mainGroup = 565621F129B240DE00437540;
			packageReferences = (
				56E9483B29BA384800F9435D /* XCRemoteSwiftPackageReference "firebase-ios-sdk" */,
			);
			productRefGroup = 565621FB29B240DE00437540 /* Products */;
			projectDirPath = "";
			projectRoot = "";
			targets = (
				565621F929B240DE00437540 /* xzuvyShop */,
			);
		};
/* End PBXProject section */

/* Begin PBXResourcesBuildPhase section */
		565621F829B240DE00437540 /* Resources */ = {
			isa = PBXResourcesBuildPhase;
			buildActionMask = 2147483647;
			files = (
				5656220529B240E000437540 /* Preview Assets.xcassets in Resources */,
				5656220229B240E000437540 /* Assets.xcassets in Resources */,
				5679EB8829BA28F90049145C /* GoogleService-Info.plist in Resources */,
			);
			runOnlyForDeploymentPostprocessing = 0;
		};
/* End PBXResourcesBuildPhase section */

/* Begin PBXSourcesBuildPhase section */
		565621F629B240DE00437540 /* Sources */ = {
			isa = PBXSourcesBuildPhase;
			buildActionMask = 2147483647;
			files = (
				56E9484F29BA676300F9435D /* DatabaseService.swift in Sources */,
				563FC30129B5299B009C859F /* CartViewModel.swift in Sources */,
				56E9484B29BA570100F9435D /* MainTabBarViewModel.swift in Sources */,
				56A7C16429B3F26F00C06129 /* CartView.swift in Sources */,
				563FC2FD29B4ED5A009C859F /* ProductDetailView.swift in Sources */,
				56A7C16029B3EEAA00C06129 /* MainTabBarView.swift in Sources */,
				5656220029B240DE00437540 /* AuthView.swift in Sources */,
				56A7C16229B3F20F00C06129 /* CatalogView.swift in Sources */,
				56E9484D29BA659F00F9435D /* UserShop.swift in Sources */,
				5631A9EB29B7619600912EFE /* PositionCell.swift in Sources */,
				563FC2FF29B50A11009C859F /* ProductDetailViewModel.swift in Sources */,
				563FC30529B529DC009C859F /* Position.swift in Sources */,
				56A7C16629B3F29700C06129 /* ProfileView.swift in Sources */,
				563FC2F629B4DCDE009C859F /* ProductCell.swift in Sources */,
				565621FE29B240DE00437540 /* xzuvyShopApp.swift in Sources */,
				56E9484629BA3E5000F9435D /* AuthService.swift in Sources */,
				563FC2F429B4DB79009C859F /* Product.swift in Sources */,
				563FC2FA29B4E682009C859F /* CatalogViewModel.swift in Sources */,
			);
			runOnlyForDeploymentPostprocessing = 0;
		};
/* End PBXSourcesBuildPhase section */

/* Begin XCBuildConfiguration section */
		5656220629B240E000437540 /* Debug */ = {
			isa = XCBuildConfiguration;
			buildSettings = {
				ALWAYS_SEARCH_USER_PATHS = NO;
				CLANG_ANALYZER_NONNULL = YES;
				CLANG_ANALYZER_NUMBER_OBJECT_CONVERSION = YES_AGGRESSIVE;
				CLANG_CXX_LANGUAGE_STANDARD = "gnu++20";
				CLANG_ENABLE_MODULES = YES;
				CLANG_ENABLE_OBJC_ARC = YES;
				CLANG_ENABLE_OBJC_WEAK = YES;
				CLANG_WARN_BLOCK_CAPTURE_AUTORELEASING = YES;
				CLANG_WARN_BOOL_CONVERSION = YES;
				CLANG_WARN_COMMA = YES;
				CLANG_WARN_CONSTANT_CONVERSION = YES;
				CLANG_WARN_DEPRECATED_OBJC_IMPLEMENTATIONS = YES;
				CLANG_WARN_DIRECT_OBJC_ISA_USAGE = YES_ERROR;
				CLANG_WARN_DOCUMENTATION_COMMENTS = YES;
				CLANG_WARN_EMPTY_BODY = YES;
				CLANG_WARN_ENUM_CONVERSION = YES;
				CLANG_WARN_INFINITE_RECURSION = YES;
				CLANG_WARN_INT_CONVERSION = YES;
				CLANG_WARN_NON_LITERAL_NULL_CONVERSION = YES;
				CLANG_WARN_OBJC_IMPLICIT_RETAIN_SELF = YES;
				CLANG_WARN_OBJC_LITERAL_CONVERSION = YES;
				CLANG_WARN_OBJC_ROOT_CLASS = YES_ERROR;
				CLANG_WARN_QUOTED_INCLUDE_IN_FRAMEWORK_HEADER = YES;
				CLANG_WARN_RANGE_LOOP_ANALYSIS = YES;
				CLANG_WARN_STRICT_PROTOTYPES = YES;
				CLANG_WARN_SUSPICIOUS_MOVE = YES;
				CLANG_WARN_UNGUARDED_AVAILABILITY = YES_AGGRESSIVE;
				CLANG_WARN_UNREACHABLE_CODE = YES;
				CLANG_WARN__DUPLICATE_METHOD_MATCH = YES;
				COPY_PHASE_STRIP = NO;
				DEBUG_INFORMATION_FORMAT = dwarf;
				ENABLE_STRICT_OBJC_MSGSEND = YES;
				ENABLE_TESTABILITY = YES;
				GCC_C_LANGUAGE_STANDARD = gnu11;
				GCC_DYNAMIC_NO_PIC = NO;
				GCC_NO_COMMON_BLOCKS = YES;
				GCC_OPTIMIZATION_LEVEL = 0;
				GCC_PREPROCESSOR_DEFINITIONS = (
					"DEBUG=1",
					"$(inherited)",
				);
				GCC_WARN_64_TO_32_BIT_CONVERSION = YES;
				GCC_WARN_ABOUT_RETURN_TYPE = YES_ERROR;
				GCC_WARN_UNDECLARED_SELECTOR = YES;
				GCC_WARN_UNINITIALIZED_AUTOS = YES_AGGRESSIVE;
				GCC_WARN_UNUSED_FUNCTION = YES;
				GCC_WARN_UNUSED_VARIABLE = YES;
				IPHONEOS_DEPLOYMENT_TARGET = 16.2;
				MTL_ENABLE_DEBUG_INFO = INCLUDE_SOURCE;
				MTL_FAST_MATH = YES;
				ONLY_ACTIVE_ARCH = YES;
				SDKROOT = iphoneos;
				SWIFT_ACTIVE_COMPILATION_CONDITIONS = DEBUG;
				SWIFT_OPTIMIZATION_LEVEL = "-Onone";
			};
			name = Debug;
		};
		5656220729B240E000437540 /* Release */ = {
			isa = XCBuildConfiguration;
			buildSettings = {
				ALWAYS_SEARCH_USER_PATHS = NO;
				CLANG_ANALYZER_NONNULL = YES;
				CLANG_ANALYZER_NUMBER_OBJECT_CONVERSION = YES_AGGRESSIVE;
				CLANG_CXX_LANGUAGE_STANDARD = "gnu++20";
				CLANG_ENABLE_MODULES = YES;
				CLANG_ENABLE_OBJC_ARC = YES;
				CLANG_ENABLE_OBJC_WEAK = YES;
				CLANG_WARN_BLOCK_CAPTURE_AUTORELEASING = YES;
				CLANG_WARN_BOOL_CONVERSION = YES;
				CLANG_WARN_COMMA = YES;
				CLANG_WARN_CONSTANT_CONVERSION = YES;
				CLANG_WARN_DEPRECATED_OBJC_IMPLEMENTATIONS = YES;
				CLANG_WARN_DIRECT_OBJC_ISA_USAGE = YES_ERROR;
				CLANG_WARN_DOCUMENTATION_COMMENTS = YES;
				CLANG_WARN_EMPTY_BODY = YES;
				CLANG_WARN_ENUM_CONVERSION = YES;
				CLANG_WARN_INFINITE_RECURSION = YES;
				CLANG_WARN_INT_CONVERSION = YES;
				CLANG_WARN_NON_LITERAL_NULL_CONVERSION = YES;
				CLANG_WARN_OBJC_IMPLICIT_RETAIN_SELF = YES;
				CLANG_WARN_OBJC_LITERAL_CONVERSION = YES;
				CLANG_WARN_OBJC_ROOT_CLASS = YES_ERROR;
				CLANG_WARN_QUOTED_INCLUDE_IN_FRAMEWORK_HEADER = YES;
				CLANG_WARN_RANGE_LOOP_ANALYSIS = YES;
				CLANG_WARN_STRICT_PROTOTYPES = YES;
				CLANG_WARN_SUSPICIOUS_MOVE = YES;
				CLANG_WARN_UNGUARDED_AVAILABILITY = YES_AGGRESSIVE;
				CLANG_WARN_UNREACHABLE_CODE = YES;
				CLANG_WARN__DUPLICATE_METHOD_MATCH = YES;
				COPY_PHASE_STRIP = NO;
				DEBUG_INFORMATION_FORMAT = "dwarf-with-dsym";
				ENABLE_NS_ASSERTIONS = NO;
				ENABLE_STRICT_OBJC_MSGSEND = YES;
				GCC_C_LANGUAGE_STANDARD = gnu11;
				GCC_NO_COMMON_BLOCKS = YES;
				GCC_WARN_64_TO_32_BIT_CONVERSION = YES;
				GCC_WARN_ABOUT_RETURN_TYPE = YES_ERROR;
				GCC_WARN_UNDECLARED_SELECTOR = YES;
				GCC_WARN_UNINITIALIZED_AUTOS = YES_AGGRESSIVE;
				GCC_WARN_UNUSED_FUNCTION = YES;
				GCC_WARN_UNUSED_VARIABLE = YES;
				IPHONEOS_DEPLOYMENT_TARGET = 16.2;
				MTL_ENABLE_DEBUG_INFO = NO;
				MTL_FAST_MATH = YES;
				SDKROOT = iphoneos;
				SWIFT_COMPILATION_MODE = wholemodule;
				SWIFT_OPTIMIZATION_LEVEL = "-O";
				VALIDATE_PRODUCT = YES;
			};
			name = Release;
		};
		5656220929B240E000437540 /* Debug */ = {
			isa = XCBuildConfiguration;
			buildSettings = {
				ASSETCATALOG_COMPILER_APPICON_NAME = AppIcon;
				ASSETCATALOG_COMPILER_GLOBAL_ACCENT_COLOR_NAME = AccentColor;
				CODE_SIGN_STYLE = Automatic;
				CURRENT_PROJECT_VERSION = 1;
				DEVELOPMENT_ASSET_PATHS = "\"xzuvyShop/Preview Content\"";
				DEVELOPMENT_TEAM = VV9Y63H9BY;
				ENABLE_PREVIEWS = YES;
				GENERATE_INFOPLIST_FILE = YES;
				INFOPLIST_KEY_UIApplicationSceneManifest_Generation = YES;
				INFOPLIST_KEY_UIApplicationSupportsIndirectInputEvents = YES;
				INFOPLIST_KEY_UILaunchScreen_Generation = YES;
				INFOPLIST_KEY_UISupportedInterfaceOrientations_iPad = "UIInterfaceOrientationPortrait UIInterfaceOrientationPortraitUpsideDown UIInterfaceOrientationLandscapeLeft UIInterfaceOrientationLandscapeRight";
				INFOPLIST_KEY_UISupportedInterfaceOrientations_iPhone = "UIInterfaceOrientationPortrait UIInterfaceOrientationLandscapeLeft UIInterfaceOrientationLandscapeRight";
				LD_RUNPATH_SEARCH_PATHS = (
					"$(inherited)",
					"@executable_path/Frameworks",
				);
				MARKETING_VERSION = 1.0;
				PRODUCT_BUNDLE_IDENTIFIER = t.xzuvyShop;
				PRODUCT_NAME = "$(TARGET_NAME)";
				SWIFT_EMIT_LOC_STRINGS = YES;
				SWIFT_VERSION = 5.0;
				TARGETED_DEVICE_FAMILY = "1,2";
			};
			name = Debug;
		};
		5656220A29B240E000437540 /* Release */ = {
			isa = XCBuildConfiguration;
			buildSettings = {
				ASSETCATALOG_COMPILER_APPICON_NAME = AppIcon;
				ASSETCATALOG_COMPILER_GLOBAL_ACCENT_COLOR_NAME = AccentColor;
				CODE_SIGN_STYLE = Automatic;
				CURRENT_PROJECT_VERSION = 1;
				DEVELOPMENT_ASSET_PATHS = "\"xzuvyShop/Preview Content\"";
				DEVELOPMENT_TEAM = VV9Y63H9BY;
				ENABLE_PREVIEWS = YES;
				GENERATE_INFOPLIST_FILE = YES;
				INFOPLIST_KEY_UIApplicationSceneManifest_Generation = YES;
				INFOPLIST_KEY_UIApplicationSupportsIndirectInputEvents = YES;
				INFOPLIST_KEY_UILaunchScreen_Generation = YES;
				INFOPLIST_KEY_UISupportedInterfaceOrientations_iPad = "UIInterfaceOrientationPortrait UIInterfaceOrientationPortraitUpsideDown UIInterfaceOrientationLandscapeLeft UIInterfaceOrientationLandscapeRight";
				INFOPLIST_KEY_UISupportedInterfaceOrientations_iPhone = "UIInterfaceOrientationPortrait UIInterfaceOrientationLandscapeLeft UIInterfaceOrientationLandscapeRight";
				LD_RUNPATH_SEARCH_PATHS = (
					"$(inherited)",
					"@executable_path/Frameworks",
				);
				MARKETING_VERSION = 1.0;
				PRODUCT_BUNDLE_IDENTIFIER = t.xzuvyShop;
				PRODUCT_NAME = "$(TARGET_NAME)";
				SWIFT_EMIT_LOC_STRINGS = YES;
				SWIFT_VERSION = 5.0;
				TARGETED_DEVICE_FAMILY = "1,2";
			};
			name = Release;
		};
/* End XCBuildConfiguration section */

/* Begin XCConfigurationList section */
		565621F529B240DE00437540 /* Build configuration list for PBXProject "xzuvyShop" */ = {
			isa = XCConfigurationList;
			buildConfigurations = (
				5656220629B240E000437540 /* Debug */,
				5656220729B240E000437540 /* Release */,
			);
			defaultConfigurationIsVisible = 0;
			defaultConfigurationName = Release;
		};
		5656220829B240E000437540 /* Build configuration list for PBXNativeTarget "xzuvyShop" */ = {
			isa = XCConfigurationList;
			buildConfigurations = (
				5656220929B240E000437540 /* Debug */,
				5656220A29B240E000437540 /* Release */,
			);
			defaultConfigurationIsVisible = 0;
			defaultConfigurationName = Release;
		};
/* End XCConfigurationList section */

/* Begin XCRemoteSwiftPackageReference section */
		56E9483B29BA384800F9435D /* XCRemoteSwiftPackageReference "firebase-ios-sdk" */ = {
			isa = XCRemoteSwiftPackageReference;
			repositoryURL = "https://github.com/firebase/firebase-ios-sdk";
			requirement = {
				kind = upToNextMajorVersion;
				minimumVersion = 9.0.0;
			};
		};
/* End XCRemoteSwiftPackageReference section */

/* Begin XCSwiftPackageProductDependency section */
		56E9483C29BA384800F9435D /* FirebaseAuth */ = {
			isa = XCSwiftPackageProductDependency;
			package = 56E9483B29BA384800F9435D /* XCRemoteSwiftPackageReference "firebase-ios-sdk" */;
			productName = FirebaseAuth;
		};
		56E9483E29BA384800F9435D /* FirebaseFirestore */ = {
			isa = XCSwiftPackageProductDependency;
			package = 56E9483B29BA384800F9435D /* XCRemoteSwiftPackageReference "firebase-ios-sdk" */;
			productName = FirebaseFirestore;
		};
		56E9484029BA384800F9435D /* FirebaseStorage */ = {
			isa = XCSwiftPackageProductDependency;
			package = 56E9483B29BA384800F9435D /* XCRemoteSwiftPackageReference "firebase-ios-sdk" */;
			productName = FirebaseStorage;
		};
/* End XCSwiftPackageProductDependency section */
	};
	rootObject = 565621F229B240DE00437540 /* Project object */;
}
